
Microsoft Visual Studio Solution File, Format Version 11.00
# Visual Studio 2010
Project("{F14B399A-7131-4C87-9E4B-1186C45EF12D}") = "sm_penalty_monthly_report", "sm_penalty_monthly_report\sm_penalty_monthly_report.rptproj", "{BCA6F15F-55C2-4819-B913-D5B4AD78C481}"
EndProject
Global
	GlobalSection(SolutionConfigurationPlatforms) = preSolution
		Debug|Default = Debug|Default
		DebugLocal|Default = DebugLocal|Default
		Release|Default = Release|Default
	EndGlobalSection
	GlobalSection(ProjectConfigurationPlatforms) = postSolution
		{BCA6F15F-55C2-4819-B913-D5B4AD78C481}.Debug|Default.ActiveCfg = Debug
		{BCA6F15F-55C2-4819-B913-D5B4AD78C481}.Debug|Default.Build.0 = DebugLocal
		{BCA6F15F-55C2-4819-B913-D5B4AD78C481}.Debug|Default.Deploy.0 = DebugLocal
		{BCA6F15F-55C2-4819-B913-D5B4AD78C481}.DebugLocal|Default.ActiveCfg = DebugLocal
		{BCA6F15F-55C2-4819-B913-D5B4AD78C481}.DebugLocal|Default.Build.0 = DebugLocal
		{BCA6F15F-55C2-4819-B913-D5B4AD78C481}.Release|Default.ActiveCfg = Release
		{BCA6F15F-55C2-4819-B913-D5B4AD78C481}.Release|Default.Build.0 = Release
		{BCA6F15F-55C2-4819-B913-D5B4AD78C481}.Release|Default.Deploy.0 = Release
	EndGlobalSection
	GlobalSection(SolutionProperties) = preSolution
		HideSolutionNode = FALSE
	EndGlobalSection
EndGlobal
