
Microsoft Visual Studio Solution File, Format Version 11.00
# Visual Studio 2010
Project("{F14B399A-7131-4C87-9E4B-1186C45EF12D}") = "BARCHART", "BARCHART\BARCHART.rptproj", "{F14E24B3-B3C7-408F-9658-8001CC02457A}"
EndProject
Global
	GlobalSection(SolutionConfigurationPlatforms) = preSolution
		Debug|Default = Debug|Default
		DebugLocal|Default = DebugLocal|Default
		Release|Default = Release|Default
	EndGlobalSection
	GlobalSection(ProjectConfigurationPlatforms) = postSolution
		{F14E24B3-B3C7-408F-9658-8001CC02457A}.Debug|Default.ActiveCfg = Debug
		{F14E24B3-B3C7-408F-9658-8001CC02457A}.Debug|Default.Build.0 = DebugLocal
		{F14E24B3-B3C7-408F-9658-8001CC02457A}.Debug|Default.Deploy.0 = DebugLocal
		{F14E24B3-B3C7-408F-9658-8001CC02457A}.DebugLocal|Default.ActiveCfg = DebugLocal
		{F14E24B3-B3C7-408F-9658-8001CC02457A}.DebugLocal|Default.Build.0 = DebugLocal
		{F14E24B3-B3C7-408F-9658-8001CC02457A}.Release|Default.ActiveCfg = Release
		{F14E24B3-B3C7-408F-9658-8001CC02457A}.Release|Default.Build.0 = Release
		{F14E24B3-B3C7-408F-9658-8001CC02457A}.Release|Default.Deploy.0 = Release
	EndGlobalSection
	GlobalSection(SolutionProperties) = preSolution
		HideSolutionNode = FALSE
	EndGlobalSection
EndGlobal
