
Microsoft Visual Studio Solution File, Format Version 12.00
# Visual Studio Express 2012 for Web
Project("{FAE04EC0-301F-11D3-BF4B-00C04F79EFBC}") = "QMSMMD", "QMSMMD\QMSMMD.csproj", "{CF4F1665-06BC-45EA-9D66-772C59E98B32}"
EndProject
Global
	GlobalSection(SolutionConfigurationPlatforms) = preSolution
		Debug|Any CPU = Debug|Any CPU
		Release|Any CPU = Release|Any CPU
	EndGlobalSection
	GlobalSection(ProjectConfigurationPlatforms) = postSolution
		{CF4F1665-06BC-45EA-9D66-772C59E98B32}.Debug|Any CPU.ActiveCfg = Debug|Any CPU
		{CF4F1665-06BC-45EA-9D66-772C59E98B32}.Debug|Any CPU.Build.0 = Debug|Any CPU
		{CF4F1665-06BC-45EA-9D66-772C59E98B32}.Release|Any CPU.ActiveCfg = Release|Any CPU
		{CF4F1665-06BC-45EA-9D66-772C59E98B32}.Release|Any CPU.Build.0 = Release|Any CPU
	EndGlobalSection
	GlobalSection(SolutionProperties) = preSolution
		HideSolutionNode = FALSE
	EndGlobalSection
EndGlobal
