
Microsoft Visual Studio Solution File, Format Version 11.00
# Visual Studio 2010
Project("{159641D6-6404-4A2A-AE62-294DE0FE8301}") = "WOExport", "WOExport\WOExport.dtproj", "{DE9F7698-B9CB-455C-BB04-063724B8C3D3}"
EndProject
Global
	GlobalSection(SolutionConfigurationPlatforms) = preSolution
		Development|Default = Development|Default
	EndGlobalSection
	GlobalSection(ProjectConfigurationPlatforms) = postSolution
		{DE9F7698-B9CB-455C-BB04-063724B8C3D3}.Development|Default.ActiveCfg = Development
		{DE9F7698-B9CB-455C-BB04-063724B8C3D3}.Development|Default.Build.0 = Development
	EndGlobalSection
	GlobalSection(SolutionProperties) = preSolution
		HideSolutionNode = FALSE
	EndGlobalSection
EndGlobal
