
Microsoft Visual Studio Solution File, Format Version 11.00
# Visual Studio 2010
Project("{159641D6-6404-4A2A-AE62-294DE0FE8301}") = "PWO_IMAGE_UPLOAD", "PWO_IMAGE_UPLOAD\PWO_IMAGE_UPLOAD.dtproj", "{D0EEDE35-BC6F-41F6-902E-A707CCA24F87}"
EndProject
Global
	GlobalSection(SolutionConfigurationPlatforms) = preSolution
		Development|Default = Development|Default
	EndGlobalSection
	GlobalSection(ProjectConfigurationPlatforms) = postSolution
		{D0EEDE35-BC6F-41F6-902E-A707CCA24F87}.Development|Default.ActiveCfg = Development
		{D0EEDE35-BC6F-41F6-902E-A707CCA24F87}.Development|Default.Build.0 = Development
	EndGlobalSection
	GlobalSection(SolutionProperties) = preSolution
		HideSolutionNode = FALSE
	EndGlobalSection
EndGlobal
